{
  "name": "vsock-parent",
  "version": "1.0.0",
  "lockfileVersion": 3,
  "requires": true,
  "packages": {
    "": {
      "name": "vsock-parent",
      "version": "1.0.0",
      "license": "ISC",
      "dependencies": {
        "node-vsock": "^0.0.3"
      }
    },
    "node_modules/node-vsock": {
      "version": "0.0.3",
      "resolved": "https://registry.npmjs.org/node-vsock/-/node-vsock-0.0.3.tgz",
      "integrity": "sha512-dgKeJZtDvu04v3KhT1IBGJ8za+CMNuroQj+iTuRnhu9KLC9Bg7yFxOz5w9ekG8c4xZOEN6mtHs3TSKbcJ1pSjg==",
      "engines": {
        "node": ">= 11.8.0"
      },
      "optionalDependencies": {
        "node-vsock-linux-arm-gnueabihf": "0.0.3",
        "node-vsock-linux-arm64-gnu": "0.0.3",
        "node-vsock-linux-arm64-musl": "0.0.3",
        "node-vsock-linux-x64-gnu": "0.0.3",
        "node-vsock-linux-x64-musl": "0.0.3"
      }
    },
    "node_modules/node-vsock-linux-arm-gnueabihf": {
      "version": "0.0.3",
      "resolved": "https://registry.npmjs.org/node-vsock-linux-arm-gnueabihf/-/node-vsock-linux-arm-gnueabihf-0.0.3.tgz",
      "integrity": "sha512-lYe0q6NL+hRYKa5ZYLnIHvZZ4g1xaOt4abHnr5eVQsNYOScY7KmoOzMt9850x9Z14PGY4+k700vZNFVub7dhxA==",
      "cpu": [
        "arm"
      ],
      "optional": true,
      "os": [
        "linux"
      ],
      "engines": {
        "node": ">= 11.8.0"
      }
    },
    "node_modules/node-vsock-linux-arm64-gnu": {
      "version": "0.0.3",
      "resolved": "https://registry.npmjs.org/node-vsock-linux-arm64-gnu/-/node-vsock-linux-arm64-gnu-0.0.3.tgz",
      "integrity": "sha512-cKxXtmLtBigsOeL3JutLhzqpOYnDypNUKulxx2xnSJzvnUsRiLhfmiTVyXko12nnHDpYRyqAQb3OT6/EgMGpzQ==",
      "cpu": [
        "arm64"
      ],
      "optional": true,
      "os": [
        "linux"
      ],
      "engines": {
        "node": ">= 11.8.0"
      }
    },
    "node_modules/node-vsock-linux-arm64-musl": {
      "version": "0.0.3",
      "resolved": "https://registry.npmjs.org/node-vsock-linux-arm64-musl/-/node-vsock-linux-arm64-musl-0.0.3.tgz",
      "integrity": "sha512-a89qkx2Xeva61Yz5n7gnAVe9m3rhs7+rns7W03iIzdslTJ5Q8nJJrRaPGiipKsLSCldo/G7Czq4eGyh0LFQOuA==",
      "cpu": [
        "arm64"
      ],
      "optional": true,
      "os": [
        "linux"
      ],
      "engines": {
        "node": ">= 11.8.0"
      }
    },
    "node_modules/node-vsock-linux-x64-gnu": {
      "version": "0.0.3",
      "resolved": "https://registry.npmjs.org/node-vsock-linux-x64-gnu/-/node-vsock-linux-x64-gnu-0.0.3.tgz",
      "integrity": "sha512-DPob7wMHgstGnsV4CANzwvXDpkwQfEwL8fW9v8aUaEJ2KIfu+Ttei+u0BYtnhTpqF2mVczReYn4De2bDE4pvpQ==",
      "cpu": [
        "x64"
      ],
      "optional": true,
      "os": [
        "linux"
      ],
      "engines": {
        "node": ">= 11.8.0"
      }
    },
    "node_modules/node-vsock-linux-x64-musl": {
      "version": "0.0.3",
      "resolved": "https://registry.npmjs.org/node-vsock-linux-x64-musl/-/node-vsock-linux-x64-musl-0.0.3.tgz",
      "integrity": "sha512-ovYIYBuOeOWdPDIEiuDRh2BbycyB1lSzxkReFnqE0152BcxOjZ4iRJTd91xBvGxC31nVmsyVjlQ3r4yIjm6uWA==",
      "cpu": [
        "x64"
      ],
      "optional": true,
      "os": [
        "linux"
      ],
      "engines": {
        "node": ">= 11.8.0"
      }
    }
  }
}
